
Microsoft Visual Studio Solution File, Format Version 12.00
Project("{FAE04EC0-301F-11D3-BF4B-00C04F79EFBC}") = "FileConversionLibrary", "FileConversionLibrary\FileConversionLibrary.csproj", "{834D918D-1FE6-4954-B29E-E578A3D75850}"
EndProject
Project("{FAE04EC0-301F-11D3-BF4B-00C04F79EFBC}") = "FileConversionLibrary.Tests", "FileConversionLibrary.Tests\FileConversionLibrary.Tests.csproj", "{AD889C7E-9909-4DF4-82F0-F6741B16F043}"
EndProject
Project("{FAE04EC0-301F-11D3-BF4B-00C04F79EFBC}") = "FileConversionLibraryConsoleExample", "FileConversionLibraryConsoleExample\FileConversionLibraryConsoleExample.csproj", "{40D4EEC9-D867-40B8-AD80-69B2C085B5CB}"
EndProject
Global
	GlobalSection(SolutionConfigurationPlatforms) = preSolution
		Debug|Any CPU = Debug|Any CPU
		Release|Any CPU = Release|Any CPU
	EndGlobalSection
	GlobalSection(ProjectConfigurationPlatforms) = postSolution
		{834D918D-1FE6-4954-B29E-E578A3D75850}.Debug|Any CPU.ActiveCfg = Debug|Any CPU
		{834D918D-1FE6-4954-B29E-E578A3D75850}.Debug|Any CPU.Build.0 = Debug|Any CPU
		{834D918D-1FE6-4954-B29E-E578A3D75850}.Release|Any CPU.ActiveCfg = Release|Any CPU
		{834D918D-1FE6-4954-B29E-E578A3D75850}.Release|Any CPU.Build.0 = Release|Any CPU
		{AD889C7E-9909-4DF4-82F0-F6741B16F043}.Debug|Any CPU.ActiveCfg = Debug|Any CPU
		{AD889C7E-9909-4DF4-82F0-F6741B16F043}.Debug|Any CPU.Build.0 = Debug|Any CPU
		{AD889C7E-9909-4DF4-82F0-F6741B16F043}.Release|Any CPU.ActiveCfg = Release|Any CPU
		{AD889C7E-9909-4DF4-82F0-F6741B16F043}.Release|Any CPU.Build.0 = Release|Any CPU
		{40D4EEC9-D867-40B8-AD80-69B2C085B5CB}.Debug|Any CPU.ActiveCfg = Debug|Any CPU
		{40D4EEC9-D867-40B8-AD80-69B2C085B5CB}.Debug|Any CPU.Build.0 = Debug|Any CPU
		{40D4EEC9-D867-40B8-AD80-69B2C085B5CB}.Release|Any CPU.ActiveCfg = Release|Any CPU
		{40D4EEC9-D867-40B8-AD80-69B2C085B5CB}.Release|Any CPU.Build.0 = Release|Any CPU
	EndGlobalSection
EndGlobal
