
Microsoft Visual Studio Solution File, Format Version 12.00
# Visual Studio Version 17
VisualStudioVersion = 17.0.31903.59
Project("{2150E333-8FDC-42A3-9474-1A3956D46DE8}") = "src", "src", "{A1A1A1A1-A1A1-A1A1-A1A1-A1A1A1A1A1A1}"
EndProject
Project("{2150E333-8FDC-42A3-9474-1A3956D46DE8}") = "samples", "samples", "{C3C3C3C3-C3C3-C3C3-C3C3-C3C3C3C3C3C3}"
EndProject
Project("{FAE04EC0-301F-11D3-BF4B-00C04F79EFBC}") = "FileConversionLibraryConsoleExample", "samples\FileConversionLibraryConsoleExample\FileConversionLibraryConsoleExample.csproj", "{40D4EEC9-D867-40B8-AD80-69B2C085B5CB}"
EndProject
Project("{FAE04EC0-301F-11D3-BF4B-00C04F79EFBC}") = "FileConversionLibrary", "src\FileConversionLibrary\FileConversionLibrary.csproj", "{E5E5E5E5-E5E5-E5E5-E5E5-E5E5E5E5E5E5}"
EndProject
Project("{2150E333-8FDC-42A3-9474-1A3956D46DE8}") = "Solution Items", "Solution Items", "{D9A44480-71ED-4501-A3C3-C75DE2082D66}"
	ProjectSection(SolutionItems) = preProject
		Directory.Build.props = Directory.Build.props
		Directory.Packages.props = Directory.Packages.props
	EndProjectSection
EndProject
Project("{2150E333-8FDC-42A3-9474-1A3956D46DE8}") = "tests", "tests", "{0AB3BF05-4346-4AA6-1389-037BE0695223}"
EndProject
Project("{FAE04EC0-301F-11D3-BF4B-00C04F79EFBC}") = "FileConversionLibrary.Tests", "tests\FileConversionLibrary.Tests\FileConversionLibrary.Tests.csproj", "{E973AD6D-7910-45B0-8516-5DB2A6C239F5}"
EndProject
Global
	GlobalSection(SolutionConfigurationPlatforms) = preSolution
		Debug|Any CPU = Debug|Any CPU
		Debug|x64 = Debug|x64
		Debug|x86 = Debug|x86
		Release|Any CPU = Release|Any CPU
		Release|x64 = Release|x64
		Release|x86 = Release|x86
	EndGlobalSection
	GlobalSection(ProjectConfigurationPlatforms) = postSolution
		{40D4EEC9-D867-40B8-AD80-69B2C085B5CB}.Debug|Any CPU.ActiveCfg = Debug|Any CPU
		{40D4EEC9-D867-40B8-AD80-69B2C085B5CB}.Debug|Any CPU.Build.0 = Debug|Any CPU
		{40D4EEC9-D867-40B8-AD80-69B2C085B5CB}.Debug|x64.ActiveCfg = Debug|Any CPU
		{40D4EEC9-D867-40B8-AD80-69B2C085B5CB}.Debug|x64.Build.0 = Debug|Any CPU
		{40D4EEC9-D867-40B8-AD80-69B2C085B5CB}.Debug|x86.ActiveCfg = Debug|Any CPU
		{40D4EEC9-D867-40B8-AD80-69B2C085B5CB}.Debug|x86.Build.0 = Debug|Any CPU
		{40D4EEC9-D867-40B8-AD80-69B2C085B5CB}.Release|Any CPU.ActiveCfg = Release|Any CPU
		{40D4EEC9-D867-40B8-AD80-69B2C085B5CB}.Release|Any CPU.Build.0 = Release|Any CPU
		{40D4EEC9-D867-40B8-AD80-69B2C085B5CB}.Release|x64.ActiveCfg = Release|Any CPU
		{40D4EEC9-D867-40B8-AD80-69B2C085B5CB}.Release|x64.Build.0 = Release|Any CPU
		{40D4EEC9-D867-40B8-AD80-69B2C085B5CB}.Release|x86.ActiveCfg = Release|Any CPU
		{40D4EEC9-D867-40B8-AD80-69B2C085B5CB}.Release|x86.Build.0 = Release|Any CPU
		{E5E5E5E5-E5E5-E5E5-E5E5-E5E5E5E5E5E5}.Debug|Any CPU.ActiveCfg = Debug|Any CPU
		{E5E5E5E5-E5E5-E5E5-E5E5-E5E5E5E5E5E5}.Debug|Any CPU.Build.0 = Debug|Any CPU
		{E5E5E5E5-E5E5-E5E5-E5E5-E5E5E5E5E5E5}.Debug|x64.ActiveCfg = Debug|Any CPU
		{E5E5E5E5-E5E5-E5E5-E5E5-E5E5E5E5E5E5}.Debug|x64.Build.0 = Debug|Any CPU
		{E5E5E5E5-E5E5-E5E5-E5E5-E5E5E5E5E5E5}.Debug|x86.ActiveCfg = Debug|Any CPU
		{E5E5E5E5-E5E5-E5E5-E5E5-E5E5E5E5E5E5}.Debug|x86.Build.0 = Debug|Any CPU
		{E5E5E5E5-E5E5-E5E5-E5E5-E5E5E5E5E5E5}.Release|Any CPU.ActiveCfg = Release|Any CPU
		{E5E5E5E5-E5E5-E5E5-E5E5-E5E5E5E5E5E5}.Release|Any CPU.Build.0 = Release|Any CPU
		{E5E5E5E5-E5E5-E5E5-E5E5-E5E5E5E5E5E5}.Release|x64.ActiveCfg = Release|Any CPU
		{E5E5E5E5-E5E5-E5E5-E5E5-E5E5E5E5E5E5}.Release|x64.Build.0 = Release|Any CPU
		{E5E5E5E5-E5E5-E5E5-E5E5-E5E5E5E5E5E5}.Release|x86.ActiveCfg = Release|Any CPU
		{E5E5E5E5-E5E5-E5E5-E5E5-E5E5E5E5E5E5}.Release|x86.Build.0 = Release|Any CPU
		{E973AD6D-7910-45B0-8516-5DB2A6C239F5}.Debug|Any CPU.ActiveCfg = Debug|Any CPU
		{E973AD6D-7910-45B0-8516-5DB2A6C239F5}.Debug|Any CPU.Build.0 = Debug|Any CPU
		{E973AD6D-7910-45B0-8516-5DB2A6C239F5}.Debug|x64.ActiveCfg = Debug|Any CPU
		{E973AD6D-7910-45B0-8516-5DB2A6C239F5}.Debug|x64.Build.0 = Debug|Any CPU
		{E973AD6D-7910-45B0-8516-5DB2A6C239F5}.Debug|x86.ActiveCfg = Debug|Any CPU
		{E973AD6D-7910-45B0-8516-5DB2A6C239F5}.Debug|x86.Build.0 = Debug|Any CPU
		{E973AD6D-7910-45B0-8516-5DB2A6C239F5}.Release|Any CPU.ActiveCfg = Release|Any CPU
		{E973AD6D-7910-45B0-8516-5DB2A6C239F5}.Release|Any CPU.Build.0 = Release|Any CPU
		{E973AD6D-7910-45B0-8516-5DB2A6C239F5}.Release|x64.ActiveCfg = Release|Any CPU
		{E973AD6D-7910-45B0-8516-5DB2A6C239F5}.Release|x64.Build.0 = Release|Any CPU
		{E973AD6D-7910-45B0-8516-5DB2A6C239F5}.Release|x86.ActiveCfg = Release|Any CPU
		{E973AD6D-7910-45B0-8516-5DB2A6C239F5}.Release|x86.Build.0 = Release|Any CPU
	EndGlobalSection
	GlobalSection(SolutionProperties) = preSolution
		HideSolutionNode = FALSE
	EndGlobalSection
	GlobalSection(NestedProjects) = preSolution
		{40D4EEC9-D867-40B8-AD80-69B2C085B5CB} = {C3C3C3C3-C3C3-C3C3-C3C3-C3C3C3C3C3C3}
		{E5E5E5E5-E5E5-E5E5-E5E5-E5E5E5E5E5E5} = {A1A1A1A1-A1A1-A1A1-A1A1-A1A1A1A1A1A1}
		{E973AD6D-7910-45B0-8516-5DB2A6C239F5} = {0AB3BF05-4346-4AA6-1389-037BE0695223}
	EndGlobalSection
EndGlobal
